
Microsoft Visual Studio Solution File, Format Version 12.00
# Visual Studio Version 17
VisualStudioVersion = 17.13.35931.197 d17.13
MinimumVisualStudioVersion = 10.0.40219.1
Project("{FAE04EC0-301F-11D3-BF4B-00C04F79EFBC}") = "Locadora de motos_MotoRent", "Locadora de motos_MotoRent\Locadora de motos_MotoRent.csproj", "{9EAC336F-0985-440E-8E58-42ED1107F7DD}"
EndProject
Global
	GlobalSection(SolutionConfigurationPlatforms) = preSolution
		Debug|Any CPU = Debug|Any CPU
		Release|Any CPU = Release|Any CPU
	EndGlobalSection
	GlobalSection(ProjectConfigurationPlatforms) = postSolution
		{9EAC336F-0985-440E-8E58-42ED1107F7DD}.Debug|Any CPU.ActiveCfg = Debug|Any CPU
		{9EAC336F-0985-440E-8E58-42ED1107F7DD}.Debug|Any CPU.Build.0 = Debug|Any CPU
		{9EAC336F-0985-440E-8E58-42ED1107F7DD}.Release|Any CPU.ActiveCfg = Release|Any CPU
		{9EAC336F-0985-440E-8E58-42ED1107F7DD}.Release|Any CPU.Build.0 = Release|Any CPU
	EndGlobalSection
	GlobalSection(SolutionProperties) = preSolution
		HideSolutionNode = FALSE
	EndGlobalSection
	GlobalSection(ExtensibilityGlobals) = postSolution
		SolutionGuid = {3C88B159-7F1C-4659-B336-7F46164C929F}
	EndGlobalSection
EndGlobal
